
Microsoft Visual Studio Solution File, Format Version 12.00
# Visual Studio 14
VisualStudioVersion = 14.0.25420.1
MinimumVisualStudioVersion = 10.0.40219.1
Project("{8BC9CEB8-8B4A-11D0-8D11-00A0C91BC942}") = "3proxy", "3proxy\3proxy.vcxproj", "{3144DF44-309B-45BB-B5F4-DE62308E6345}"
EndProject
Project("{8BC9CEB8-8B4A-11D0-8D11-00A0C91BC942}") = "ftppr", "ftppr\ftppr.vcxproj", "{C7E3B768-E9B7-4ACF-8651-2EDD22495D2C}"
EndProject
Project("{8BC9CEB8-8B4A-11D0-8D11-00A0C91BC942}") = "mycrypt", "mycrypt\mycrypt.vcxproj", "{F34A5E5B-FFF9-466C-A0D1-2DC7C3884CED}"
EndProject
Project("{8BC9CEB8-8B4A-11D0-8D11-00A0C91BC942}") = "pop3p", "pop3p\pop3p.vcxproj", "{25B1E80D-246C-404F-8E6C-5395E710EA3D}"
EndProject
Project("{8BC9CEB8-8B4A-11D0-8D11-00A0C91BC942}") = "smtpp", "smtpp\smtpp.vcxproj", "{7EF9496B-8F9C-4966-896C-909F786EB5EA}"
EndProject
Project("{8BC9CEB8-8B4A-11D0-8D11-00A0C91BC942}") = "tcppm", "tcppm\tcppm.vcxproj", "{9EFF1FCC-5D2E-4C4D-8FEB-76A47C3249B6}"
EndProject
Project("{8BC9CEB8-8B4A-11D0-8D11-00A0C91BC942}") = "udppm", "udppm\udppm.vcxproj", "{A6688C87-0A39-4188-9C88-4CD7984837EC}"
EndProject
Project("{8BC9CEB8-8B4A-11D0-8D11-00A0C91BC942}") = "socks", "socks\socks.vcxproj", "{DDE3707D-BBAF-4484-A101-02FB71352571}"
EndProject
Project("{8BC9CEB8-8B4A-11D0-8D11-00A0C91BC942}") = "proxy", "proxy\proxy.vcxproj", "{8AF85534-CCCB-4AD3-BCCA-28A3507A228B}"
EndProject
Project("{8BC9CEB8-8B4A-11D0-8D11-00A0C91BC942}") = "utf8tocp1251", "utf8tocp1251\utf8tocp1251.vcxproj", "{792125DD-3705-4F76-9325-E34436B51DED}"
EndProject
Project("{2150E333-8FDC-42A3-9474-1A3956D46DE8}") = "plugins", "plugins", "{9B78CF84-D095-42CA-80AC-DD80F04DD749}"
EndProject
Project("{8BC9CEB8-8B4A-11D0-8D11-00A0C91BC942}") = "WindowsAuthentication", "WindowsAuthentication\WindowsAuthentication.vcxproj", "{0D0F5667-32E5-44C6-A908-45DE544736F1}"
EndProject
Project("{8BC9CEB8-8B4A-11D0-8D11-00A0C91BC942}") = "TrafficPlugin", "TrafficPlugin\TrafficPlugin.vcxproj", "{70D03C96-7738-465B-8D41-D338218794E6}"
EndProject
Project("{8BC9CEB8-8B4A-11D0-8D11-00A0C91BC942}") = "StringsPlugin", "StringsPlugin\StringsPlugin.vcxproj", "{DA35A716-CBD8-49B9-95FF-2E7F050FEC14}"
EndProject
Project("{8BC9CEB8-8B4A-11D0-8D11-00A0C91BC942}") = "PCREPlugin", "PCREPlugin\PCREPlugin.vcxproj", "{C1AC550D-812C-4D1A-9669-F8799DBC8080}"
EndProject
Project("{8BC9CEB8-8B4A-11D0-8D11-00A0C91BC942}") = "FilePlugin", "FilePlugin\FilePlugin.vcxproj", "{5B40CAFF-72BF-4F35-82F1-475355A77EF2}"
EndProject
Project("{8BC9CEB8-8B4A-11D0-8D11-00A0C91BC942}") = "SSLPlugin", "SSLPlugin\SSLPlugin.vcxproj", "{A9F19C37-F6D9-4FAC-B891-2686310D5F42}"
EndProject
Project("{8BC9CEB8-8B4A-11D0-8D11-00A0C91BC942}") = "LastFRipper", "LastFRipper\LastFRipper.vcxproj", "{19809434-D40A-4A26-8792-36A7931544DB}"
EndProject
Project("{8BC9CEB8-8B4A-11D0-8D11-00A0C91BC942}") = "TransparentPlugin", "TransparentPlugin\TransparentPlugin.vcxproj", "{573F6C2C-CAEB-4999-8A41-E12CCB0261A3}"
EndProject
Project("{8BC9CEB8-8B4A-11D0-8D11-00A0C91BC942}") = "LdapPlugin", "LdapPlugin\LdapPlugin.vcxproj", "{F5910878-0F51-4ACA-9831-4D52C77AC40A}"
EndProject
Project("{8BC9CEB8-8B4A-11D0-8D11-00A0C91BC942}") = "PamAuth", "PamAuth\PamAuth.vcxproj", "{F3553DB2-AB6F-4045-A5E3-C421931033EF}"
EndProject
Global
	GlobalSection(SolutionConfigurationPlatforms) = preSolution
		Debug|Win32 = Debug|Win32
		Debug|x64 = Debug|x64
		Release|Win32 = Release|Win32
		Release|x64 = Release|x64
	EndGlobalSection
	GlobalSection(ProjectConfigurationPlatforms) = postSolution
		{3144DF44-309B-45BB-B5F4-DE62308E6345}.Debug|Win32.ActiveCfg = Debug|Win32
		{3144DF44-309B-45BB-B5F4-DE62308E6345}.Debug|Win32.Build.0 = Debug|Win32
		{3144DF44-309B-45BB-B5F4-DE62308E6345}.Debug|x64.ActiveCfg = Debug|x64
		{3144DF44-309B-45BB-B5F4-DE62308E6345}.Debug|x64.Build.0 = Debug|x64
		{3144DF44-309B-45BB-B5F4-DE62308E6345}.Release|Win32.ActiveCfg = Release|Win32
		{3144DF44-309B-45BB-B5F4-DE62308E6345}.Release|Win32.Build.0 = Release|Win32
		{3144DF44-309B-45BB-B5F4-DE62308E6345}.Release|x64.ActiveCfg = Release|x64
		{3144DF44-309B-45BB-B5F4-DE62308E6345}.Release|x64.Build.0 = Release|x64
		{C7E3B768-E9B7-4ACF-8651-2EDD22495D2C}.Debug|Win32.ActiveCfg = Debug|Win32
		{C7E3B768-E9B7-4ACF-8651-2EDD22495D2C}.Debug|Win32.Build.0 = Debug|Win32
		{C7E3B768-E9B7-4ACF-8651-2EDD22495D2C}.Debug|x64.ActiveCfg = Debug|x64
		{C7E3B768-E9B7-4ACF-8651-2EDD22495D2C}.Debug|x64.Build.0 = Debug|x64
		{C7E3B768-E9B7-4ACF-8651-2EDD22495D2C}.Release|Win32.ActiveCfg = Release|Win32
		{C7E3B768-E9B7-4ACF-8651-2EDD22495D2C}.Release|Win32.Build.0 = Release|Win32
		{C7E3B768-E9B7-4ACF-8651-2EDD22495D2C}.Release|x64.ActiveCfg = Release|x64
		{C7E3B768-E9B7-4ACF-8651-2EDD22495D2C}.Release|x64.Build.0 = Release|x64
		{F34A5E5B-FFF9-466C-A0D1-2DC7C3884CED}.Debug|Win32.ActiveCfg = Debug|Win32
		{F34A5E5B-FFF9-466C-A0D1-2DC7C3884CED}.Debug|Win32.Build.0 = Debug|Win32
		{F34A5E5B-FFF9-466C-A0D1-2DC7C3884CED}.Debug|x64.ActiveCfg = Debug|x64
		{F34A5E5B-FFF9-466C-A0D1-2DC7C3884CED}.Debug|x64.Build.0 = Debug|x64
		{F34A5E5B-FFF9-466C-A0D1-2DC7C3884CED}.Release|Win32.ActiveCfg = Release|Win32
		{F34A5E5B-FFF9-466C-A0D1-2DC7C3884CED}.Release|Win32.Build.0 = Release|Win32
		{F34A5E5B-FFF9-466C-A0D1-2DC7C3884CED}.Release|x64.ActiveCfg = Release|x64
		{F34A5E5B-FFF9-466C-A0D1-2DC7C3884CED}.Release|x64.Build.0 = Release|x64
		{25B1E80D-246C-404F-8E6C-5395E710EA3D}.Debug|Win32.ActiveCfg = Debug|Win32
		{25B1E80D-246C-404F-8E6C-5395E710EA3D}.Debug|Win32.Build.0 = Debug|Win32
		{25B1E80D-246C-404F-8E6C-5395E710EA3D}.Debug|x64.ActiveCfg = Debug|x64
		{25B1E80D-246C-404F-8E6C-5395E710EA3D}.Debug|x64.Build.0 = Debug|x64
		{25B1E80D-246C-404F-8E6C-5395E710EA3D}.Release|Win32.ActiveCfg = Release|Win32
		{25B1E80D-246C-404F-8E6C-5395E710EA3D}.Release|Win32.Build.0 = Release|Win32
		{25B1E80D-246C-404F-8E6C-5395E710EA3D}.Release|x64.ActiveCfg = Release|x64
		{25B1E80D-246C-404F-8E6C-5395E710EA3D}.Release|x64.Build.0 = Release|x64
		{7EF9496B-8F9C-4966-896C-909F786EB5EA}.Debug|Win32.ActiveCfg = Debug|Win32
		{7EF9496B-8F9C-4966-896C-909F786EB5EA}.Debug|Win32.Build.0 = Debug|Win32
		{7EF9496B-8F9C-4966-896C-909F786EB5EA}.Debug|x64.ActiveCfg = Debug|x64
		{7EF9496B-8F9C-4966-896C-909F786EB5EA}.Debug|x64.Build.0 = Debug|x64
		{7EF9496B-8F9C-4966-896C-909F786EB5EA}.Release|Win32.ActiveCfg = Release|Win32
		{7EF9496B-8F9C-4966-896C-909F786EB5EA}.Release|Win32.Build.0 = Release|Win32
		{7EF9496B-8F9C-4966-896C-909F786EB5EA}.Release|x64.ActiveCfg = Release|x64
		{7EF9496B-8F9C-4966-896C-909F786EB5EA}.Release|x64.Build.0 = Release|x64
		{9EFF1FCC-5D2E-4C4D-8FEB-76A47C3249B6}.Debug|Win32.ActiveCfg = Debug|Win32
		{9EFF1FCC-5D2E-4C4D-8FEB-76A47C3249B6}.Debug|Win32.Build.0 = Debug|Win32
		{9EFF1FCC-5D2E-4C4D-8FEB-76A47C3249B6}.Debug|x64.ActiveCfg = Debug|x64
		{9EFF1FCC-5D2E-4C4D-8FEB-76A47C3249B6}.Debug|x64.Build.0 = Debug|x64
		{9EFF1FCC-5D2E-4C4D-8FEB-76A47C3249B6}.Release|Win32.ActiveCfg = Release|Win32
		{9EFF1FCC-5D2E-4C4D-8FEB-76A47C3249B6}.Release|Win32.Build.0 = Release|Win32
		{9EFF1FCC-5D2E-4C4D-8FEB-76A47C3249B6}.Release|x64.ActiveCfg = Release|x64
		{9EFF1FCC-5D2E-4C4D-8FEB-76A47C3249B6}.Release|x64.Build.0 = Release|x64
		{A6688C87-0A39-4188-9C88-4CD7984837EC}.Debug|Win32.ActiveCfg = Debug|Win32
		{A6688C87-0A39-4188-9C88-4CD7984837EC}.Debug|Win32.Build.0 = Debug|Win32
		{A6688C87-0A39-4188-9C88-4CD7984837EC}.Debug|x64.ActiveCfg = Debug|x64
		{A6688C87-0A39-4188-9C88-4CD7984837EC}.Debug|x64.Build.0 = Debug|x64
		{A6688C87-0A39-4188-9C88-4CD7984837EC}.Release|Win32.ActiveCfg = Release|Win32
		{A6688C87-0A39-4188-9C88-4CD7984837EC}.Release|Win32.Build.0 = Release|Win32
		{A6688C87-0A39-4188-9C88-4CD7984837EC}.Release|x64.ActiveCfg = Release|x64
		{A6688C87-0A39-4188-9C88-4CD7984837EC}.Release|x64.Build.0 = Release|x64
		{DDE3707D-BBAF-4484-A101-02FB71352571}.Debug|Win32.ActiveCfg = Debug|Win32
		{DDE3707D-BBAF-4484-A101-02FB71352571}.Debug|Win32.Build.0 = Debug|Win32
		{DDE3707D-BBAF-4484-A101-02FB71352571}.Debug|x64.ActiveCfg = Debug|x64
		{DDE3707D-BBAF-4484-A101-02FB71352571}.Debug|x64.Build.0 = Debug|x64
		{DDE3707D-BBAF-4484-A101-02FB71352571}.Release|Win32.ActiveCfg = Release|Win32
		{DDE3707D-BBAF-4484-A101-02FB71352571}.Release|Win32.Build.0 = Release|Win32
		{DDE3707D-BBAF-4484-A101-02FB71352571}.Release|x64.ActiveCfg = Release|x64
		{DDE3707D-BBAF-4484-A101-02FB71352571}.Release|x64.Build.0 = Release|x64
		{8AF85534-CCCB-4AD3-BCCA-28A3507A228B}.Debug|Win32.ActiveCfg = Debug|Win32
		{8AF85534-CCCB-4AD3-BCCA-28A3507A228B}.Debug|Win32.Build.0 = Debug|Win32
		{8AF85534-CCCB-4AD3-BCCA-28A3507A228B}.Debug|x64.ActiveCfg = Debug|x64
		{8AF85534-CCCB-4AD3-BCCA-28A3507A228B}.Debug|x64.Build.0 = Debug|x64
		{8AF85534-CCCB-4AD3-BCCA-28A3507A228B}.Release|Win32.ActiveCfg = Release|Win32
		{8AF85534-CCCB-4AD3-BCCA-28A3507A228B}.Release|Win32.Build.0 = Release|Win32
		{8AF85534-CCCB-4AD3-BCCA-28A3507A228B}.Release|x64.ActiveCfg = Release|x64
		{8AF85534-CCCB-4AD3-BCCA-28A3507A228B}.Release|x64.Build.0 = Release|x64
		{792125DD-3705-4F76-9325-E34436B51DED}.Debug|Win32.ActiveCfg = Debug|Win32
		{792125DD-3705-4F76-9325-E34436B51DED}.Debug|Win32.Build.0 = Debug|Win32
		{792125DD-3705-4F76-9325-E34436B51DED}.Debug|x64.ActiveCfg = Debug|x64
		{792125DD-3705-4F76-9325-E34436B51DED}.Debug|x64.Build.0 = Debug|x64
		{792125DD-3705-4F76-9325-E34436B51DED}.Release|Win32.ActiveCfg = Release|Win32
		{792125DD-3705-4F76-9325-E34436B51DED}.Release|Win32.Build.0 = Release|Win32
		{792125DD-3705-4F76-9325-E34436B51DED}.Release|x64.ActiveCfg = Release|x64
		{792125DD-3705-4F76-9325-E34436B51DED}.Release|x64.Build.0 = Release|x64
		{0D0F5667-32E5-44C6-A908-45DE544736F1}.Debug|Win32.ActiveCfg = Debug|Win32
		{0D0F5667-32E5-44C6-A908-45DE544736F1}.Debug|Win32.Build.0 = Debug|Win32
		{0D0F5667-32E5-44C6-A908-45DE544736F1}.Debug|x64.ActiveCfg = Debug|x64
		{0D0F5667-32E5-44C6-A908-45DE544736F1}.Debug|x64.Build.0 = Debug|x64
		{0D0F5667-32E5-44C6-A908-45DE544736F1}.Release|Win32.ActiveCfg = Release|Win32
		{0D0F5667-32E5-44C6-A908-45DE544736F1}.Release|Win32.Build.0 = Release|Win32
		{0D0F5667-32E5-44C6-A908-45DE544736F1}.Release|x64.ActiveCfg = Release|x64
		{0D0F5667-32E5-44C6-A908-45DE544736F1}.Release|x64.Build.0 = Release|x64
		{70D03C96-7738-465B-8D41-D338218794E6}.Debug|Win32.ActiveCfg = Debug|Win32
		{70D03C96-7738-465B-8D41-D338218794E6}.Debug|Win32.Build.0 = Debug|Win32
		{70D03C96-7738-465B-8D41-D338218794E6}.Debug|x64.ActiveCfg = Debug|x64
		{70D03C96-7738-465B-8D41-D338218794E6}.Debug|x64.Build.0 = Debug|x64
		{70D03C96-7738-465B-8D41-D338218794E6}.Release|Win32.ActiveCfg = Release|Win32
		{70D03C96-7738-465B-8D41-D338218794E6}.Release|Win32.Build.0 = Release|Win32
		{70D03C96-7738-465B-8D41-D338218794E6}.Release|x64.ActiveCfg = Release|x64
		{70D03C96-7738-465B-8D41-D338218794E6}.Release|x64.Build.0 = Release|x64
		{DA35A716-CBD8-49B9-95FF-2E7F050FEC14}.Debug|Win32.ActiveCfg = Debug|Win32
		{DA35A716-CBD8-49B9-95FF-2E7F050FEC14}.Debug|Win32.Build.0 = Debug|Win32
		{DA35A716-CBD8-49B9-95FF-2E7F050FEC14}.Debug|x64.ActiveCfg = Debug|x64
		{DA35A716-CBD8-49B9-95FF-2E7F050FEC14}.Debug|x64.Build.0 = Debug|x64
		{DA35A716-CBD8-49B9-95FF-2E7F050FEC14}.Release|Win32.ActiveCfg = Release|Win32
		{DA35A716-CBD8-49B9-95FF-2E7F050FEC14}.Release|Win32.Build.0 = Release|Win32
		{DA35A716-CBD8-49B9-95FF-2E7F050FEC14}.Release|x64.ActiveCfg = Release|x64
		{DA35A716-CBD8-49B9-95FF-2E7F050FEC14}.Release|x64.Build.0 = Release|x64
		{C1AC550D-812C-4D1A-9669-F8799DBC8080}.Debug|Win32.ActiveCfg = Debug|Win32
		{C1AC550D-812C-4D1A-9669-F8799DBC8080}.Debug|Win32.Build.0 = Debug|Win32
		{C1AC550D-812C-4D1A-9669-F8799DBC8080}.Debug|x64.ActiveCfg = Debug|x64
		{C1AC550D-812C-4D1A-9669-F8799DBC8080}.Debug|x64.Build.0 = Debug|x64
		{C1AC550D-812C-4D1A-9669-F8799DBC8080}.Release|Win32.ActiveCfg = Release|Win32
		{C1AC550D-812C-4D1A-9669-F8799DBC8080}.Release|Win32.Build.0 = Release|Win32
		{C1AC550D-812C-4D1A-9669-F8799DBC8080}.Release|x64.ActiveCfg = Release|x64
		{C1AC550D-812C-4D1A-9669-F8799DBC8080}.Release|x64.Build.0 = Release|x64
		{5B40CAFF-72BF-4F35-82F1-475355A77EF2}.Debug|Win32.ActiveCfg = Debug|Win32
		{5B40CAFF-72BF-4F35-82F1-475355A77EF2}.Debug|Win32.Build.0 = Debug|Win32
		{5B40CAFF-72BF-4F35-82F1-475355A77EF2}.Debug|x64.ActiveCfg = Debug|x64
		{5B40CAFF-72BF-4F35-82F1-475355A77EF2}.Debug|x64.Build.0 = Debug|x64
		{5B40CAFF-72BF-4F35-82F1-475355A77EF2}.Release|Win32.ActiveCfg = Release|Win32
		{5B40CAFF-72BF-4F35-82F1-475355A77EF2}.Release|Win32.Build.0 = Release|Win32
		{5B40CAFF-72BF-4F35-82F1-475355A77EF2}.Release|x64.ActiveCfg = Release|x64
		{5B40CAFF-72BF-4F35-82F1-475355A77EF2}.Release|x64.Build.0 = Release|x64
		{A9F19C37-F6D9-4FAC-B891-2686310D5F42}.Debug|Win32.ActiveCfg = Debug|Win32
		{A9F19C37-F6D9-4FAC-B891-2686310D5F42}.Debug|Win32.Build.0 = Debug|Win32
		{A9F19C37-F6D9-4FAC-B891-2686310D5F42}.Debug|x64.ActiveCfg = Debug|x64
		{A9F19C37-F6D9-4FAC-B891-2686310D5F42}.Debug|x64.Build.0 = Debug|x64
		{A9F19C37-F6D9-4FAC-B891-2686310D5F42}.Release|Win32.ActiveCfg = Release|Win32
		{A9F19C37-F6D9-4FAC-B891-2686310D5F42}.Release|Win32.Build.0 = Release|Win32
		{A9F19C37-F6D9-4FAC-B891-2686310D5F42}.Release|x64.ActiveCfg = Release|x64
		{A9F19C37-F6D9-4FAC-B891-2686310D5F42}.Release|x64.Build.0 = Release|x64
		{19809434-D40A-4A26-8792-36A7931544DB}.Debug|Win32.ActiveCfg = Debug|Win32
		{19809434-D40A-4A26-8792-36A7931544DB}.Debug|Win32.Build.0 = Debug|Win32
		{19809434-D40A-4A26-8792-36A7931544DB}.Debug|x64.ActiveCfg = Debug|x64
		{19809434-D40A-4A26-8792-36A7931544DB}.Debug|x64.Build.0 = Debug|x64
		{19809434-D40A-4A26-8792-36A7931544DB}.Release|Win32.ActiveCfg = Release|Win32
		{19809434-D40A-4A26-8792-36A7931544DB}.Release|Win32.Build.0 = Release|Win32
		{19809434-D40A-4A26-8792-36A7931544DB}.Release|x64.ActiveCfg = Release|x64
		{19809434-D40A-4A26-8792-36A7931544DB}.Release|x64.Build.0 = Release|x64
		{573F6C2C-CAEB-4999-8A41-E12CCB0261A3}.Debug|Win32.ActiveCfg = Debug|Win32
		{573F6C2C-CAEB-4999-8A41-E12CCB0261A3}.Debug|Win32.Build.0 = Debug|Win32
		{573F6C2C-CAEB-4999-8A41-E12CCB0261A3}.Debug|x64.ActiveCfg = Debug|x64
		{573F6C2C-CAEB-4999-8A41-E12CCB0261A3}.Debug|x64.Build.0 = Debug|x64
		{573F6C2C-CAEB-4999-8A41-E12CCB0261A3}.Release|Win32.ActiveCfg = Release|Win32
		{573F6C2C-CAEB-4999-8A41-E12CCB0261A3}.Release|Win32.Build.0 = Release|Win32
		{573F6C2C-CAEB-4999-8A41-E12CCB0261A3}.Release|x64.ActiveCfg = Release|x64
		{573F6C2C-CAEB-4999-8A41-E12CCB0261A3}.Release|x64.Build.0 = Release|x64
		{F5910878-0F51-4ACA-9831-4D52C77AC40A}.Debug|Win32.ActiveCfg = Debug|Win32
		{F5910878-0F51-4ACA-9831-4D52C77AC40A}.Debug|Win32.Build.0 = Debug|Win32
		{F5910878-0F51-4ACA-9831-4D52C77AC40A}.Debug|x64.ActiveCfg = Debug|x64
		{F5910878-0F51-4ACA-9831-4D52C77AC40A}.Debug|x64.Build.0 = Debug|x64
		{F5910878-0F51-4ACA-9831-4D52C77AC40A}.Release|Win32.ActiveCfg = Release|Win32
		{F5910878-0F51-4ACA-9831-4D52C77AC40A}.Release|Win32.Build.0 = Release|Win32
		{F5910878-0F51-4ACA-9831-4D52C77AC40A}.Release|x64.ActiveCfg = Release|x64
		{F5910878-0F51-4ACA-9831-4D52C77AC40A}.Release|x64.Build.0 = Release|x64
		{F3553DB2-AB6F-4045-A5E3-C421931033EF}.Debug|Win32.ActiveCfg = Debug|Win32
		{F3553DB2-AB6F-4045-A5E3-C421931033EF}.Debug|Win32.Build.0 = Debug|Win32
		{F3553DB2-AB6F-4045-A5E3-C421931033EF}.Debug|x64.ActiveCfg = Debug|x64
		{F3553DB2-AB6F-4045-A5E3-C421931033EF}.Debug|x64.Build.0 = Debug|x64
		{F3553DB2-AB6F-4045-A5E3-C421931033EF}.Release|Win32.ActiveCfg = Release|Win32
		{F3553DB2-AB6F-4045-A5E3-C421931033EF}.Release|Win32.Build.0 = Release|Win32
		{F3553DB2-AB6F-4045-A5E3-C421931033EF}.Release|x64.ActiveCfg = Release|x64
		{F3553DB2-AB6F-4045-A5E3-C421931033EF}.Release|x64.Build.0 = Release|x64
	EndGlobalSection
	GlobalSection(SolutionProperties) = preSolution
		HideSolutionNode = FALSE
	EndGlobalSection
	GlobalSection(NestedProjects) = preSolution
		{792125DD-3705-4F76-9325-E34436B51DED} = {9B78CF84-D095-42CA-80AC-DD80F04DD749}
		{0D0F5667-32E5-44C6-A908-45DE544736F1} = {9B78CF84-D095-42CA-80AC-DD80F04DD749}
		{70D03C96-7738-465B-8D41-D338218794E6} = {9B78CF84-D095-42CA-80AC-DD80F04DD749}
		{DA35A716-CBD8-49B9-95FF-2E7F050FEC14} = {9B78CF84-D095-42CA-80AC-DD80F04DD749}
		{C1AC550D-812C-4D1A-9669-F8799DBC8080} = {9B78CF84-D095-42CA-80AC-DD80F04DD749}
		{5B40CAFF-72BF-4F35-82F1-475355A77EF2} = {9B78CF84-D095-42CA-80AC-DD80F04DD749}
		{A9F19C37-F6D9-4FAC-B891-2686310D5F42} = {9B78CF84-D095-42CA-80AC-DD80F04DD749}
		{19809434-D40A-4A26-8792-36A7931544DB} = {9B78CF84-D095-42CA-80AC-DD80F04DD749}
		{573F6C2C-CAEB-4999-8A41-E12CCB0261A3} = {9B78CF84-D095-42CA-80AC-DD80F04DD749}
		{F5910878-0F51-4ACA-9831-4D52C77AC40A} = {9B78CF84-D095-42CA-80AC-DD80F04DD749}
		{F3553DB2-AB6F-4045-A5E3-C421931033EF} = {9B78CF84-D095-42CA-80AC-DD80F04DD749}
	EndGlobalSection
EndGlobal
